
Microsoft Visual Studio Solution File, Format Version 12.00
# Visual Studio Version 17
VisualStudioVersion = 17.5.33516.290
MinimumVisualStudioVersion = 10.0.40219.1
Project("{FAE04EC0-301F-11D3-BF4B-00C04F79EFBC}") = "array10x10", "array10x10\array10x10.csproj", "{7DA54CFF-176C-4A0C-838C-3491174FEB0E}"
EndProject
Global
	GlobalSection(SolutionConfigurationPlatforms) = preSolution
		Debug|Any CPU = Debug|Any CPU
		Release|Any CPU = Release|Any CPU
	EndGlobalSection
	GlobalSection(ProjectConfigurationPlatforms) = postSolution
		{7DA54CFF-176C-4A0C-838C-3491174FEB0E}.Debug|Any CPU.ActiveCfg = Debug|Any CPU
		{7DA54CFF-176C-4A0C-838C-3491174FEB0E}.Debug|Any CPU.Build.0 = Debug|Any CPU
		{7DA54CFF-176C-4A0C-838C-3491174FEB0E}.Release|Any CPU.ActiveCfg = Release|Any CPU
		{7DA54CFF-176C-4A0C-838C-3491174FEB0E}.Release|Any CPU.Build.0 = Release|Any CPU
	EndGlobalSection
	GlobalSection(SolutionProperties) = preSolution
		HideSolutionNode = FALSE
	EndGlobalSection
	GlobalSection(ExtensibilityGlobals) = postSolution
		SolutionGuid = {6E44ADF8-76D7-4785-B456-6DEC0E2C456C}
	EndGlobalSection
EndGlobal
